
Microsoft Visual Studio Solution File, Format Version 12.00
# Visual Studio 14
VisualStudioVersion = 14.0.25420.1
MinimumVisualStudioVersion = 10.0.40219.1
Project("{FAE04EC0-301F-11D3-BF4B-00C04F79EFBC}") = "SuperAdventure", "SuperAdventure.csproj", "{06F725E4-7FF4-4E78-9DCF-9A35E3772334}"
EndProject
Project("{FAE04EC0-301F-11D3-BF4B-00C04F79EFBC}") = "Engine", "..\Engine\Engine.csproj", "{46C3CD31-CB06-45C3-BDD1-F88D66B82DD0}"
EndProject
Global
	GlobalSection(SolutionConfigurationPlatforms) = preSolution
		Debug|Any CPU = Debug|Any CPU
		Release|Any CPU = Release|Any CPU
	EndGlobalSection
	GlobalSection(ProjectConfigurationPlatforms) = postSolution
		{06F725E4-7FF4-4E78-9DCF-9A35E3772334}.Debug|Any CPU.ActiveCfg = Debug|Any CPU
		{06F725E4-7FF4-4E78-9DCF-9A35E3772334}.Debug|Any CPU.Build.0 = Debug|Any CPU
		{06F725E4-7FF4-4E78-9DCF-9A35E3772334}.Release|Any CPU.ActiveCfg = Release|Any CPU
		{06F725E4-7FF4-4E78-9DCF-9A35E3772334}.Release|Any CPU.Build.0 = Release|Any CPU
		{46C3CD31-CB06-45C3-BDD1-F88D66B82DD0}.Debug|Any CPU.ActiveCfg = Debug|Any CPU
		{46C3CD31-CB06-45C3-BDD1-F88D66B82DD0}.Debug|Any CPU.Build.0 = Debug|Any CPU
		{46C3CD31-CB06-45C3-BDD1-F88D66B82DD0}.Release|Any CPU.ActiveCfg = Release|Any CPU
		{46C3CD31-CB06-45C3-BDD1-F88D66B82DD0}.Release|Any CPU.Build.0 = Release|Any CPU
	EndGlobalSection
	GlobalSection(SolutionProperties) = preSolution
		HideSolutionNode = FALSE
	EndGlobalSection
EndGlobal
